
Microsoft Visual Studio Solution File, Format Version 12.00
# Visual Studio Version 16
VisualStudioVersion = 16.0.29920.165
MinimumVisualStudioVersion = 10.0.40219.1
Project("{FAE04EC0-301F-11D3-BF4B-00C04F79EFBC}") = "BiuroWycenyAPI", "BiuroWycenyAPI\BiuroWycenyAPI.csproj", "{CBB4F1BA-08DA-4733-88F1-CAFE53505FC3}"
EndProject
Global
	GlobalSection(SolutionConfigurationPlatforms) = preSolution
		Debug|Any CPU = Debug|Any CPU
		Release|Any CPU = Release|Any CPU
	EndGlobalSection
	GlobalSection(ProjectConfigurationPlatforms) = postSolution
		{CBB4F1BA-08DA-4733-88F1-CAFE53505FC3}.Debug|Any CPU.ActiveCfg = Debug|Any CPU
		{CBB4F1BA-08DA-4733-88F1-CAFE53505FC3}.Debug|Any CPU.Build.0 = Debug|Any CPU
		{CBB4F1BA-08DA-4733-88F1-CAFE53505FC3}.Release|Any CPU.ActiveCfg = Release|Any CPU
		{CBB4F1BA-08DA-4733-88F1-CAFE53505FC3}.Release|Any CPU.Build.0 = Release|Any CPU
	EndGlobalSection
	GlobalSection(SolutionProperties) = preSolution
		HideSolutionNode = FALSE
	EndGlobalSection
	GlobalSection(ExtensibilityGlobals) = postSolution
		SolutionGuid = {609B6DDF-3CFD-4185-8722-792E3346E2F5}
	EndGlobalSection
EndGlobal
